
Microsoft Visual Studio Solution File, Format Version 12.00
# Visual Studio Version 16
VisualStudioVersion = 16.0.30413.136
MinimumVisualStudioVersion = 10.0.40219.1
Project("{FAE04EC0-301F-11D3-BF4B-00C04F79EFBC}") = "WikiAnimal", "WikiAnimal\WikiAnimal.csproj", "{BFCD23DB-A12D-4AC4-B92A-6DD72D384449}"
EndProject
Global
	GlobalSection(SolutionConfigurationPlatforms) = preSolution
		Debug|Any CPU = Debug|Any CPU
		Release|Any CPU = Release|Any CPU
	EndGlobalSection
	GlobalSection(ProjectConfigurationPlatforms) = postSolution
		{BFCD23DB-A12D-4AC4-B92A-6DD72D384449}.Debug|Any CPU.ActiveCfg = Debug|Any CPU
		{BFCD23DB-A12D-4AC4-B92A-6DD72D384449}.Debug|Any CPU.Build.0 = Debug|Any CPU
		{BFCD23DB-A12D-4AC4-B92A-6DD72D384449}.Release|Any CPU.ActiveCfg = Release|Any CPU
		{BFCD23DB-A12D-4AC4-B92A-6DD72D384449}.Release|Any CPU.Build.0 = Release|Any CPU
	EndGlobalSection
	GlobalSection(SolutionProperties) = preSolution
		HideSolutionNode = FALSE
	EndGlobalSection
	GlobalSection(ExtensibilityGlobals) = postSolution
		SolutionGuid = {BFE0C2F4-4392-449A-B496-7352338259A4}
	EndGlobalSection
EndGlobal
